// !$*UTF8*$!
{
	archiveVersion = 1;
	classes = {
	};
	objectVersion = 56;
	objects = {

/* Begin PBXBuildFile section */
		7B5531A82992ED4F00C9F81E /* DynamicTabIndicatorApp.swift in Sources */ = {isa = PBXBuildFile; fileRef = 7B5531A72992ED4F00C9F81E /* DynamicTabIndicatorApp.swift */; };
		7B5531AA2992ED4F00C9F81E /* ContentView.swift in Sources */ = {isa = PBXBuildFile; fileRef = 7B5531A92992ED4F00C9F81E /* ContentView.swift */; };
		7B5531AC2992ED5200C9F81E /* Assets.xcassets in Resources */ = {isa = PBXBuildFile; fileRef = 7B5531AB2992ED5200C9F81E /* Assets.xcassets */; };
		7B5531AF2992ED5200C9F81E /* Preview Assets.xcassets in Resources */ = {isa = PBXBuildFile; fileRef = 7B5531AE2992ED5200C9F81E /* Preview Assets.xcassets */; };
		7B5531B92992ED5200C9F81E /* DynamicTabIndicatorTests.swift in Sources */ = {isa = PBXBuildFile; fileRef = 7B5531B82992ED5200C9F81E /* DynamicTabIndicatorTests.swift */; };
		7B5531C32992ED5200C9F81E /* DynamicTabIndicatorUITests.swift in Sources */ = {isa = PBXBuildFile; fileRef = 7B5531C22992ED5200C9F81E /* DynamicTabIndicatorUITests.swift */; };
		7B5531C52992ED5200C9F81E /* DynamicTabIndicatorUITestsLaunchTests.swift in Sources */ = {isa = PBXBuildFile; fileRef = 7B5531C42992ED5200C9F81E /* DynamicTabIndicatorUITestsLaunchTests.swift */; };
/* End PBXBuildFile section */

/* Begin PBXContainerItemProxy section */
		7B5531B52992ED5200C9F81E /* PBXContainerItemProxy */ = {
			isa = PBXContainerItemProxy;
			containerPortal = 7B55319C2992ED4F00C9F81E /* Project object */;
			proxyType = 1;
			remoteGlobalIDString = 7B5531A32992ED4F00C9F81E;
			remoteInfo = DynamicTabIndicator;
		};
		7B5531BF2992ED5200C9F81E /* PBXContainerItemProxy */ = {
			isa = PBXContainerItemProxy;
			containerPortal = 7B55319C2992ED4F00C9F81E /* Project object */;
			proxyType = 1;
			remoteGlobalIDString = 7B5531A32992ED4F00C9F81E;
			remoteInfo = DynamicTabIndicator;
		};
/* End PBXContainerItemProxy section */

/* Begin PBXFileReference section */
		7B5531A42992ED4F00C9F81E /* DynamicTabIndicator.app */ = {isa = PBXFileReference; explicitFileType = wrapper.application; includeInIndex = 0; path = DynamicTabIndicator.app; sourceTree = BUILT_PRODUCTS_DIR; };
		7B5531A72992ED4F00C9F81E /* DynamicTabIndicatorApp.swift */ = {isa = PBXFileReference; lastKnownFileType = sourcecode.swift; path = DynamicTabIndicatorApp.swift; sourceTree = "<group>"; };
		7B5531A92992ED4F00C9F81E /* ContentView.swift */ = {isa = PBXFileReference; lastKnownFileType = sourcecode.swift; path = ContentView.swift; sourceTree = "<group>"; };
		7B5531AB2992ED5200C9F81E /* Assets.xcassets */ = {isa = PBXFileReference; lastKnownFileType = folder.assetcatalog; path = Assets.xcassets; sourceTree = "<group>"; };
		7B5531AE2992ED5200C9F81E /* Preview Assets.xcassets */ = {isa = PBXFileReference; lastKnownFileType = folder.assetcatalog; path = "Preview Assets.xcassets"; sourceTree = "<group>"; };
		7B5531B42992ED5200C9F81E /* DynamicTabIndicatorTests.xctest */ = {isa = PBXFileReference; explicitFileType = wrapper.cfbundle; includeInIndex = 0; path = DynamicTabIndicatorTests.xctest; sourceTree = BUILT_PRODUCTS_DIR; };
		7B5531B82992ED5200C9F81E /* DynamicTabIndicatorTests.swift */ = {isa = PBXFileReference; lastKnownFileType = sourcecode.swift; path = DynamicTabIndicatorTests.swift; sourceTree = "<group>"; };
		7B5531BE2992ED5200C9F81E /* DynamicTabIndicatorUITests.xctest */ = {isa = PBXFileReference; explicitFileType = wrapper.cfbundle; includeInIndex = 0; path = DynamicTabIndicatorUITests.xctest; sourceTree = BUILT_PRODUCTS_DIR; };
		7B5531C22992ED5200C9F81E /* DynamicTabIndicatorUITests.swift */ = {isa = PBXFileReference; lastKnownFileType = sourcecode.swift; path = DynamicTabIndicatorUITests.swift; sourceTree = "<group>"; };
		7B5531C42992ED5200C9F81E /* DynamicTabIndicatorUITestsLaunchTests.swift */ = {isa = PBXFileReference; lastKnownFileType = sourcecode.swift; path = DynamicTabIndicatorUITestsLaunchTests.swift; sourceTree = "<group>"; };
/* End PBXFileReference section */

/* Begin PBXFrameworksBuildPhase section */
		7B5531A12992ED4F00C9F81E /* Frameworks */ = {
			isa = PBXFrameworksBuildPhase;
			buildActionMask = 2147483647;
			files = (
			);
			runOnlyForDeploymentPostprocessing = 0;
		};
		7B5531B12992ED5200C9F81E /* Frameworks */ = {
			isa = PBXFrameworksBuildPhase;
			buildActionMask = 2147483647;
			files = (
			);
			runOnlyForDeploymentPostprocessing = 0;
		};
		7B5531BB2992ED5200C9F81E /* Frameworks */ = {
			isa = PBXFrameworksBuildPhase;
			buildActionMask = 2147483647;
			files = (
			);
			runOnlyForDeploymentPostprocessing = 0;
		};
/* End PBXFrameworksBuildPhase section */

/* Begin PBXGroup section */
		7B55319B2992ED4F00C9F81E = {
			isa = PBXGroup;
			children = (
				7B5531A62992ED4F00C9F81E /* DynamicTabIndicator */,
				7B5531B72992ED5200C9F81E /* DynamicTabIndicatorTests */,
				7B5531C12992ED5200C9F81E /* DynamicTabIndicatorUITests */,
				7B5531A52992ED4F00C9F81E /* Products */,
			);
			sourceTree = "<group>";
		};
		7B5531A52992ED4F00C9F81E /* Products */ = {
			isa = PBXGroup;
			children = (
				7B5531A42992ED4F00C9F81E /* DynamicTabIndicator.app */,
				7B5531B42992ED5200C9F81E /* DynamicTabIndicatorTests.xctest */,
				7B5531BE2992ED5200C9F81E /* DynamicTabIndicatorUITests.xctest */,
			);
			name = Products;
			sourceTree = "<group>";
		};
		7B5531A62992ED4F00C9F81E /* DynamicTabIndicator */ = {
			isa = PBXGroup;
			children = (
				7B5531A72992ED4F00C9F81E /* DynamicTabIndicatorApp.swift */,
				7B5531A92992ED4F00C9F81E /* ContentView.swift */,
				7B5531AB2992ED5200C9F81E /* Assets.xcassets */,
				7B5531AD2992ED5200C9F81E /* Preview Content */,
			);
			path = DynamicTabIndicator;
			sourceTree = "<group>";
		};
		7B5531AD2992ED5200C9F81E /* Preview Content */ = {
			isa = PBXGroup;
			children = (
				7B5531AE2992ED5200C9F81E /* Preview Assets.xcassets */,
			);
			path = "Preview Content";
			sourceTree = "<group>";
		};
		7B5531B72992ED5200C9F81E /* DynamicTabIndicatorTests */ = {
			isa = PBXGroup;
			children = (
				7B5531B82992ED5200C9F81E /* DynamicTabIndicatorTests.swift */,
			);
			path = DynamicTabIndicatorTests;
			sourceTree = "<group>";
		};
		7B5531C12992ED5200C9F81E /* DynamicTabIndicatorUITests */ = {
			isa = PBXGroup;
			children = (
				7B5531C22992ED5200C9F81E /* DynamicTabIndicatorUITests.swift */,
				7B5531C42992ED5200C9F81E /* DynamicTabIndicatorUITestsLaunchTests.swift */,
			);
			path = DynamicTabIndicatorUITests;
			sourceTree = "<group>";
		};
/* End PBXGroup section */

/* Begin PBXNativeTarget section */
		7B5531A32992ED4F00C9F81E /* DynamicTabIndicator */ = {
			isa = PBXNativeTarget;
			buildConfigurationList = 7B5531C82992ED5200C9F81E /* Build configuration list for PBXNativeTarget "DynamicTabIndicator" */;
			buildPhases = (
				7B5531A02992ED4F00C9F81E /* Sources */,
				7B5531A12992ED4F00C9F81E /* Frameworks */,
				7B5531A22992ED4F00C9F81E /* Resources */,
			);
			buildRules = (
			);
			dependencies = (
			);
			name = DynamicTabIndicator;
			productName = DynamicTabIndicator;
			productReference = 7B5531A42992ED4F00C9F81E /* DynamicTabIndicator.app */;
			productType = "com.apple.product-type.application";
		};
		7B5531B32992ED5200C9F81E /* DynamicTabIndicatorTests */ = {
			isa = PBXNativeTarget;
			buildConfigurationList = 7B5531CB2992ED5200C9F81E /* Build configuration list for PBXNativeTarget "DynamicTabIndicatorTests" */;
			buildPhases = (
				7B5531B02992ED5200C9F81E /* Sources */,
				7B5531B12992ED5200C9F81E /* Frameworks */,
				7B5531B22992ED5200C9F81E /* Resources */,
			);
			buildRules = (
			);
			dependencies = (
				7B5531B62992ED5200C9F81E /* PBXTargetDependency */,
			);
			name = DynamicTabIndicatorTests;
			productName = DynamicTabIndicatorTests;
			productReference = 7B5531B42992ED5200C9F81E /* DynamicTabIndicatorTests.xctest */;
			productType = "com.apple.product-type.bundle.unit-test";
		};
		7B5531BD2992ED5200C9F81E /* DynamicTabIndicatorUITests */ = {
			isa = PBXNativeTarget;
			buildConfigurationList = 7B5531CE2992ED5200C9F81E /* Build configuration list for PBXNativeTarget "DynamicTabIndicatorUITests" */;
			buildPhases = (
				7B5531BA2992ED5200C9F81E /* Sources */,
				7B5531BB2992ED5200C9F81E /* Frameworks */,
				7B5531BC2992ED5200C9F81E /* Resources */,
			);
			buildRules = (
			);
			dependencies = (
				7B5531C02992ED5200C9F81E /* PBXTargetDependency */,
			);
			name = DynamicTabIndicatorUITests;
			productName = DynamicTabIndicatorUITests;
			productReference = 7B5531BE2992ED5200C9F81E /* DynamicTabIndicatorUITests.xctest */;
			productType = "com.apple.product-type.bundle.ui-testing";
		};
/* End PBXNativeTarget section */

/* Begin PBXProject section */
		7B55319C2992ED4F00C9F81E /* Project object */ = {
			isa = PBXProject;
			attributes = {
				BuildIndependentTargetsInParallel = 1;
				LastSwiftUpdateCheck = 1420;
				LastUpgradeCheck = 1420;
				TargetAttributes = {
					7B5531A32992ED4F00C9F81E = {
						CreatedOnToolsVersion = 14.2;
					};
					7B5531B32992ED5200C9F81E = {
						CreatedOnToolsVersion = 14.2;
						TestTargetID = 7B5531A32992ED4F00C9F81E;
					};
					7B5531BD2992ED5200C9F81E = {
						CreatedOnToolsVersion = 14.2;
						TestTargetID = 7B5531A32992ED4F00C9F81E;
					};
				};
			};
			buildConfigurationList = 7B55319F2992ED4F00C9F81E /* Build configuration list for PBXProject "DynamicTabIndicator" */;
			compatibilityVersion = "Xcode 14.0";
			developmentRegion = en;
			hasScannedForEncodings = 0;
			knownRegions = (
				en,
				Base,
			);
			mainGroup = 7B55319B2992ED4F00C9F81E;
			productRefGroup = 7B5531A52992ED4F00C9F81E /* Products */;
			projectDirPath = "";
			projectRoot = "";
			targets = (
				7B5531A32992ED4F00C9F81E /* DynamicTabIndicator */,
				7B5531B32992ED5200C9F81E /* DynamicTabIndicatorTests */,
				7B5531BD2992ED5200C9F81E /* DynamicTabIndicatorUITests */,
			);
		};
/* End PBXProject section */

/* Begin PBXResourcesBuildPhase section */
		7B5531A22992ED4F00C9F81E /* Resources */ = {
			isa = PBXResourcesBuildPhase;
			buildActionMask = 2147483647;
			files = (
				7B5531AF2992ED5200C9F81E /* Preview Assets.xcassets in Resources */,
				7B5531AC2992ED5200C9F81E /* Assets.xcassets in Resources */,
			);
			runOnlyForDeploymentPostprocessing = 0;
		};
		7B5531B22992ED5200C9F81E /* Resources */ = {
			isa = PBXResourcesBuildPhase;
			buildActionMask = 2147483647;
			files = (
			);
			runOnlyForDeploymentPostprocessing = 0;
		};
		7B5531BC2992ED5200C9F81E /* Resources */ = {
			isa = PBXResourcesBuildPhase;
			buildActionMask = 2147483647;
			files = (
			);
			runOnlyForDeploymentPostprocessing = 0;
		};
/* End PBXResourcesBuildPhase section */

/* Begin PBXSourcesBuildPhase section */
		7B5531A02992ED4F00C9F81E /* Sources */ = {
			isa = PBXSourcesBuildPhase;
			buildActionMask = 2147483647;
			files = (
				7B5531AA2992ED4F00C9F81E /* ContentView.swift in Sources */,
				7B5531A82992ED4F00C9F81E /* DynamicTabIndicatorApp.swift in Sources */,
			);
			runOnlyForDeploymentPostprocessing = 0;
		};
		7B5531B02992ED5200C9F81E /* Sources */ = {
			isa = PBXSourcesBuildPhase;
			buildActionMask = 2147483647;
			files = (
				7B5531B92992ED5200C9F81E /* DynamicTabIndicatorTests.swift in Sources */,
			);
			runOnlyForDeploymentPostprocessing = 0;
		};
		7B5531BA2992ED5200C9F81E /* Sources */ = {
			isa = PBXSourcesBuildPhase;
			buildActionMask = 2147483647;
			files = (
				7B5531C52992ED5200C9F81E /* DynamicTabIndicatorUITestsLaunchTests.swift in Sources */,
				7B5531C32992ED5200C9F81E /* DynamicTabIndicatorUITests.swift in Sources */,
			);
			runOnlyForDeploymentPostprocessing = 0;
		};
/* End PBXSourcesBuildPhase section */

/* Begin PBXTargetDependency section */
		7B5531B62992ED5200C9F81E /* PBXTargetDependency */ = {
			isa = PBXTargetDependency;
			target = 7B5531A32992ED4F00C9F81E /* DynamicTabIndicator */;
			targetProxy = 7B5531B52992ED5200C9F81E /* PBXContainerItemProxy */;
		};
		7B5531C02992ED5200C9F81E /* PBXTargetDependency */ = {
			isa = PBXTargetDependency;
			target = 7B5531A32992ED4F00C9F81E /* DynamicTabIndicator */;
			targetProxy = 7B5531BF2992ED5200C9F81E /* PBXContainerItemProxy */;
		};
/* End PBXTargetDependency section */

/* Begin XCBuildConfiguration section */
		7B5531C62992ED5200C9F81E /* Debug */ = {
			isa = XCBuildConfiguration;
			buildSettings = {
				ALWAYS_SEARCH_USER_PATHS = NO;
				CLANG_ANALYZER_NONNULL = YES;
				CLANG_ANALYZER_NUMBER_OBJECT_CONVERSION = YES_AGGRESSIVE;
				CLANG_CXX_LANGUAGE_STANDARD = "gnu++20";
				CLANG_ENABLE_MODULES = YES;
				CLANG_ENABLE_OBJC_ARC = YES;
				CLANG_ENABLE_OBJC_WEAK = YES;
				CLANG_WARN_BLOCK_CAPTURE_AUTORELEASING = YES;
				CLANG_WARN_BOOL_CONVERSION = YES;
				CLANG_WARN_COMMA = YES;
				CLANG_WARN_CONSTANT_CONVERSION = YES;
				CLANG_WARN_DEPRECATED_OBJC_IMPLEMENTATIONS = YES;
				CLANG_WARN_DIRECT_OBJC_ISA_USAGE = YES_ERROR;
				CLANG_WARN_DOCUMENTATION_COMMENTS = YES;
				CLANG_WARN_EMPTY_BODY = YES;
				CLANG_WARN_ENUM_CONVERSION = YES;
				CLANG_WARN_INFINITE_RECURSION = YES;
				CLANG_WARN_INT_CONVERSION = YES;
				CLANG_WARN_NON_LITERAL_NULL_CONVERSION = YES;
				CLANG_WARN_OBJC_IMPLICIT_RETAIN_SELF = YES;
				CLANG_WARN_OBJC_LITERAL_CONVERSION = YES;
				CLANG_WARN_OBJC_ROOT_CLASS = YES_ERROR;
				CLANG_WARN_QUOTED_INCLUDE_IN_FRAMEWORK_HEADER = YES;
				CLANG_WARN_RANGE_LOOP_ANALYSIS = YES;
				CLANG_WARN_STRICT_PROTOTYPES = YES;
				CLANG_WARN_SUSPICIOUS_MOVE = YES;
				CLANG_WARN_UNGUARDED_AVAILABILITY = YES_AGGRESSIVE;
				CLANG_WARN_UNREACHABLE_CODE = YES;
				CLANG_WARN__DUPLICATE_METHOD_MATCH = YES;
				COPY_PHASE_STRIP = NO;
				DEBUG_INFORMATION_FORMAT = dwarf;
				ENABLE_STRICT_OBJC_MSGSEND = YES;
				ENABLE_TESTABILITY = YES;
				GCC_C_LANGUAGE_STANDARD = gnu11;
				GCC_DYNAMIC_NO_PIC = NO;
				GCC_NO_COMMON_BLOCKS = YES;
				GCC_OPTIMIZATION_LEVEL = 0;
				GCC_PREPROCESSOR_DEFINITIONS = (
					"DEBUG=1",
					"$(inherited)",
				);
				GCC_WARN_64_TO_32_BIT_CONVERSION = YES;
				GCC_WARN_ABOUT_RETURN_TYPE = YES_ERROR;
				GCC_WARN_UNDECLARED_SELECTOR = YES;
				GCC_WARN_UNINITIALIZED_AUTOS = YES_AGGRESSIVE;
				GCC_WARN_UNUSED_FUNCTION = YES;
				GCC_WARN_UNUSED_VARIABLE = YES;
				IPHONEOS_DEPLOYMENT_TARGET = 16.2;
				MTL_ENABLE_DEBUG_INFO = INCLUDE_SOURCE;
				MTL_FAST_MATH = YES;
				ONLY_ACTIVE_ARCH = YES;
				SDKROOT = iphoneos;
				SWIFT_ACTIVE_COMPILATION_CONDITIONS = DEBUG;
				SWIFT_OPTIMIZATION_LEVEL = "-Onone";
			};
			name = Debug;
		};
		7B5531C72992ED5200C9F81E /* Release */ = {
			isa = XCBuildConfiguration;
			buildSettings = {
				ALWAYS_SEARCH_USER_PATHS = NO;
				CLANG_ANALYZER_NONNULL = YES;
				CLANG_ANALYZER_NUMBER_OBJECT_CONVERSION = YES_AGGRESSIVE;
				CLANG_CXX_LANGUAGE_STANDARD = "gnu++20";
				CLANG_ENABLE_MODULES = YES;
				CLANG_ENABLE_OBJC_ARC = YES;
				CLANG_ENABLE_OBJC_WEAK = YES;
				CLANG_WARN_BLOCK_CAPTURE_AUTORELEASING = YES;
				CLANG_WARN_BOOL_CONVERSION = YES;
				CLANG_WARN_COMMA = YES;
				CLANG_WARN_CONSTANT_CONVERSION = YES;
				CLANG_WARN_DEPRECATED_OBJC_IMPLEMENTATIONS = YES;
				CLANG_WARN_DIRECT_OBJC_ISA_USAGE = YES_ERROR;
				CLANG_WARN_DOCUMENTATION_COMMENTS = YES;
				CLANG_WARN_EMPTY_BODY = YES;
				CLANG_WARN_ENUM_CONVERSION = YES;
				CLANG_WARN_INFINITE_RECURSION = YES;
				CLANG_WARN_INT_CONVERSION = YES;
				CLANG_WARN_NON_LITERAL_NULL_CONVERSION = YES;
				CLANG_WARN_OBJC_IMPLICIT_RETAIN_SELF = YES;
				CLANG_WARN_OBJC_LITERAL_CONVERSION = YES;
				CLANG_WARN_OBJC_ROOT_CLASS = YES_ERROR;
				CLANG_WARN_QUOTED_INCLUDE_IN_FRAMEWORK_HEADER = YES;
				CLANG_WARN_RANGE_LOOP_ANALYSIS = YES;
				CLANG_WARN_STRICT_PROTOTYPES = YES;
				CLANG_WARN_SUSPICIOUS_MOVE = YES;
				CLANG_WARN_UNGUARDED_AVAILABILITY = YES_AGGRESSIVE;
				CLANG_WARN_UNREACHABLE_CODE = YES;
				CLANG_WARN__DUPLICATE_METHOD_MATCH = YES;
				COPY_PHASE_STRIP = NO;
				DEBUG_INFORMATION_FORMAT = "dwarf-with-dsym";
				ENABLE_NS_ASSERTIONS = NO;
				ENABLE_STRICT_OBJC_MSGSEND = YES;
				GCC_C_LANGUAGE_STANDARD = gnu11;
				GCC_NO_COMMON_BLOCKS = YES;
				GCC_WARN_64_TO_32_BIT_CONVERSION = YES;
				GCC_WARN_ABOUT_RETURN_TYPE = YES_ERROR;
				GCC_WARN_UNDECLARED_SELECTOR = YES;
				GCC_WARN_UNINITIALIZED_AUTOS = YES_AGGRESSIVE;
				GCC_WARN_UNUSED_FUNCTION = YES;
				GCC_WARN_UNUSED_VARIABLE = YES;
				IPHONEOS_DEPLOYMENT_TARGET = 16.2;
				MTL_ENABLE_DEBUG_INFO = NO;
				MTL_FAST_MATH = YES;
				SDKROOT = iphoneos;
				SWIFT_COMPILATION_MODE = wholemodule;
				SWIFT_OPTIMIZATION_LEVEL = "-O";
				VALIDATE_PRODUCT = YES;
			};
			name = Release;
		};
		7B5531C92992ED5200C9F81E /* Debug */ = {
			isa = XCBuildConfiguration;
			buildSettings = {
				ASSETCATALOG_COMPILER_APPICON_NAME = AppIcon;
				ASSETCATALOG_COMPILER_GLOBAL_ACCENT_COLOR_NAME = AccentColor;
				CODE_SIGN_STYLE = Automatic;
				CURRENT_PROJECT_VERSION = 1;
				DEVELOPMENT_ASSET_PATHS = "\"DynamicTabIndicator/Preview Content\"";
				DEVELOPMENT_TEAM = XRR5P3RD3X;
				ENABLE_PREVIEWS = YES;
				GENERATE_INFOPLIST_FILE = YES;
				INFOPLIST_KEY_UIApplicationSceneManifest_Generation = YES;
				INFOPLIST_KEY_UIApplicationSupportsIndirectInputEvents = YES;
				INFOPLIST_KEY_UILaunchScreen_Generation = YES;
				INFOPLIST_KEY_UISupportedInterfaceOrientations_iPad = "UIInterfaceOrientationPortrait UIInterfaceOrientationPortraitUpsideDown UIInterfaceOrientationLandscapeLeft UIInterfaceOrientationLandscapeRight";
				INFOPLIST_KEY_UISupportedInterfaceOrientations_iPhone = "UIInterfaceOrientationPortrait UIInterfaceOrientationLandscapeLeft UIInterfaceOrientationLandscapeRight";
				LD_RUNPATH_SEARCH_PATHS = (
					"$(inherited)",
					"@executable_path/Frameworks",
				);
				MARKETING_VERSION = 1.0;
				PRODUCT_BUNDLE_IDENTIFIER = abdullahkaraboga.DynamicTabIndicator;
				PRODUCT_NAME = "$(TARGET_NAME)";
				SWIFT_EMIT_LOC_STRINGS = YES;
				SWIFT_VERSION = 5.0;
				TARGETED_DEVICE_FAMILY = "1,2";
			};
			name = Debug;
		};
		7B5531CA2992ED5200C9F81E /* Release */ = {
			isa = XCBuildConfiguration;
			buildSettings = {
				ASSETCATALOG_COMPILER_APPICON_NAME = AppIcon;
				ASSETCATALOG_COMPILER_GLOBAL_ACCENT_COLOR_NAME = AccentColor;
				CODE_SIGN_STYLE = Automatic;
				CURRENT_PROJECT_VERSION = 1;
				DEVELOPMENT_ASSET_PATHS = "\"DynamicTabIndicator/Preview Content\"";
				DEVELOPMENT_TEAM = XRR5P3RD3X;
				ENABLE_PREVIEWS = YES;
				GENERATE_INFOPLIST_FILE = YES;
				INFOPLIST_KEY_UIApplicationSceneManifest_Generation = YES;
				INFOPLIST_KEY_UIApplicationSupportsIndirectInputEvents = YES;
				INFOPLIST_KEY_UILaunchScreen_Generation = YES;
				INFOPLIST_KEY_UISupportedInterfaceOrientations_iPad = "UIInterfaceOrientationPortrait UIInterfaceOrientationPortraitUpsideDown UIInterfaceOrientationLandscapeLeft UIInterfaceOrientationLandscapeRight";
				INFOPLIST_KEY_UISupportedInterfaceOrientations_iPhone = "UIInterfaceOrientationPortrait UIInterfaceOrientationLandscapeLeft UIInterfaceOrientationLandscapeRight";
				LD_RUNPATH_SEARCH_PATHS = (
					"$(inherited)",
					"@executable_path/Frameworks",
				);
				MARKETING_VERSION = 1.0;
				PRODUCT_BUNDLE_IDENTIFIER = abdullahkaraboga.DynamicTabIndicator;
				PRODUCT_NAME = "$(TARGET_NAME)";
				SWIFT_EMIT_LOC_STRINGS = YES;
				SWIFT_VERSION = 5.0;
				TARGETED_DEVICE_FAMILY = "1,2";
			};
			name = Release;
		};
		7B5531CC2992ED5200C9F81E /* Debug */ = {
			isa = XCBuildConfiguration;
			buildSettings = {
				ALWAYS_EMBED_SWIFT_STANDARD_LIBRARIES = YES;
				BUNDLE_LOADER = "$(TEST_HOST)";
				CODE_SIGN_STYLE = Automatic;
				CURRENT_PROJECT_VERSION = 1;
				DEVELOPMENT_TEAM = XRR5P3RD3X;
				GENERATE_INFOPLIST_FILE = YES;
				IPHONEOS_DEPLOYMENT_TARGET = 16.2;
				MARKETING_VERSION = 1.0;
				PRODUCT_BUNDLE_IDENTIFIER = abdullahkaraboga.DynamicTabIndicatorTests;
				PRODUCT_NAME = "$(TARGET_NAME)";
				SWIFT_EMIT_LOC_STRINGS = NO;
				SWIFT_VERSION = 5.0;
				TARGETED_DEVICE_FAMILY = "1,2";
				TEST_HOST = "$(BUILT_PRODUCTS_DIR)/DynamicTabIndicator.app/$(BUNDLE_EXECUTABLE_FOLDER_PATH)/DynamicTabIndicator";
			};
			name = Debug;
		};
		7B5531CD2992ED5200C9F81E /* Release */ = {
			isa = XCBuildConfiguration;
			buildSettings = {
				ALWAYS_EMBED_SWIFT_STANDARD_LIBRARIES = YES;
				BUNDLE_LOADER = "$(TEST_HOST)";
				CODE_SIGN_STYLE = Automatic;
				CURRENT_PROJECT_VERSION = 1;
				DEVELOPMENT_TEAM = XRR5P3RD3X;
				GENERATE_INFOPLIST_FILE = YES;
				IPHONEOS_DEPLOYMENT_TARGET = 16.2;
				MARKETING_VERSION = 1.0;
				PRODUCT_BUNDLE_IDENTIFIER = abdullahkaraboga.DynamicTabIndicatorTests;
				PRODUCT_NAME = "$(TARGET_NAME)";
				SWIFT_EMIT_LOC_STRINGS = NO;
				SWIFT_VERSION = 5.0;
				TARGETED_DEVICE_FAMILY = "1,2";
				TEST_HOST = "$(BUILT_PRODUCTS_DIR)/DynamicTabIndicator.app/$(BUNDLE_EXECUTABLE_FOLDER_PATH)/DynamicTabIndicator";
			};
			name = Release;
		};
		7B5531CF2992ED5200C9F81E /* Debug */ = {
			isa = XCBuildConfiguration;
			buildSettings = {
				ALWAYS_EMBED_SWIFT_STANDARD_LIBRARIES = YES;
				CODE_SIGN_STYLE = Automatic;
				CURRENT_PROJECT_VERSION = 1;
				DEVELOPMENT_TEAM = XRR5P3RD3X;
				GENERATE_INFOPLIST_FILE = YES;
				MARKETING_VERSION = 1.0;
				PRODUCT_BUNDLE_IDENTIFIER = abdullahkaraboga.DynamicTabIndicatorUITests;
				PRODUCT_NAME = "$(TARGET_NAME)";
				SWIFT_EMIT_LOC_STRINGS = NO;
				SWIFT_VERSION = 5.0;
				TARGETED_DEVICE_FAMILY = "1,2";
				TEST_TARGET_NAME = DynamicTabIndicator;
			};
			name = Debug;
		};
		7B5531D02992ED5200C9F81E /* Release */ = {
			isa = XCBuildConfiguration;
			buildSettings = {
				ALWAYS_EMBED_SWIFT_STANDARD_LIBRARIES = YES;
				CODE_SIGN_STYLE = Automatic;
				CURRENT_PROJECT_VERSION = 1;
				DEVELOPMENT_TEAM = XRR5P3RD3X;
				GENERATE_INFOPLIST_FILE = YES;
				MARKETING_VERSION = 1.0;
				PRODUCT_BUNDLE_IDENTIFIER = abdullahkaraboga.DynamicTabIndicatorUITests;
				PRODUCT_NAME = "$(TARGET_NAME)";
				SWIFT_EMIT_LOC_STRINGS = NO;
				SWIFT_VERSION = 5.0;
				TARGETED_DEVICE_FAMILY = "1,2";
				TEST_TARGET_NAME = DynamicTabIndicator;
			};
			name = Release;
		};
/* End XCBuildConfiguration section */

/* Begin XCConfigurationList section */
		7B55319F2992ED4F00C9F81E /* Build configuration list for PBXProject "DynamicTabIndicator" */ = {
			isa = XCConfigurationList;
			buildConfigurations = (
				7B5531C62992ED5200C9F81E /* Debug */,
				7B5531C72992ED5200C9F81E /* Release */,
			);
			defaultConfigurationIsVisible = 0;
			defaultConfigurationName = Release;
		};
		7B5531C82992ED5200C9F81E /* Build configuration list for PBXNativeTarget "DynamicTabIndicator" */ = {
			isa = XCConfigurationList;
			buildConfigurations = (
				7B5531C92992ED5200C9F81E /* Debug */,
				7B5531CA2992ED5200C9F81E /* Release */,
			);
			defaultConfigurationIsVisible = 0;
			defaultConfigurationName = Release;
		};
		7B5531CB2992ED5200C9F81E /* Build configuration list for PBXNativeTarget "DynamicTabIndicatorTests" */ = {
			isa = XCConfigurationList;
			buildConfigurations = (
				7B5531CC2992ED5200C9F81E /* Debug */,
				7B5531CD2992ED5200C9F81E /* Release */,
			);
			defaultConfigurationIsVisible = 0;
			defaultConfigurationName = Release;
		};
		7B5531CE2992ED5200C9F81E /* Build configuration list for PBXNativeTarget "DynamicTabIndicatorUITests" */ = {
			isa = XCConfigurationList;
			buildConfigurations = (
				7B5531CF2992ED5200C9F81E /* Debug */,
				7B5531D02992ED5200C9F81E /* Release */,
			);
			defaultConfigurationIsVisible = 0;
			defaultConfigurationName = Release;
		};
/* End XCConfigurationList section */
	};
	rootObject = 7B55319C2992ED4F00C9F81E /* Project object */;
}
